
Microsoft Visual Studio Solution File, Format Version 12.00
# Visual Studio Version 17
VisualStudioVersion = 17.4.33122.133
MinimumVisualStudioVersion = 10.0.40219.1
Project("{9A19103F-16F7-4668-BE54-9A1E7A4F7556}") = "FileWordCounter", "FileWordCounter\FileWordCounter.csproj", "{DEAD9912-F768-4323-AA1C-18793542A9BD}"
EndProject
Project("{FAE04EC0-301F-11D3-BF4B-00C04F79EFBC}") = "FileWordCounterBenchMarkTest", "FileWordCounterBenchMarkTest\FileWordCounterBenchMarkTest.csproj", "{5B9C0322-DEDF-4723-BF1F-9185080E3A9F}"
EndProject
Global
	GlobalSection(SolutionConfigurationPlatforms) = preSolution
		Debug|Any CPU = Debug|Any CPU
		Release|Any CPU = Release|Any CPU
	EndGlobalSection
	GlobalSection(ProjectConfigurationPlatforms) = postSolution
		{DEAD9912-F768-4323-AA1C-18793542A9BD}.Debug|Any CPU.ActiveCfg = Debug|Any CPU
		{DEAD9912-F768-4323-AA1C-18793542A9BD}.Debug|Any CPU.Build.0 = Debug|Any CPU
		{DEAD9912-F768-4323-AA1C-18793542A9BD}.Release|Any CPU.ActiveCfg = Release|Any CPU
		{DEAD9912-F768-4323-AA1C-18793542A9BD}.Release|Any CPU.Build.0 = Release|Any CPU
		{5B9C0322-DEDF-4723-BF1F-9185080E3A9F}.Debug|Any CPU.ActiveCfg = Debug|Any CPU
		{5B9C0322-DEDF-4723-BF1F-9185080E3A9F}.Debug|Any CPU.Build.0 = Debug|Any CPU
		{5B9C0322-DEDF-4723-BF1F-9185080E3A9F}.Release|Any CPU.ActiveCfg = Release|Any CPU
		{5B9C0322-DEDF-4723-BF1F-9185080E3A9F}.Release|Any CPU.Build.0 = Release|Any CPU
	EndGlobalSection
	GlobalSection(SolutionProperties) = preSolution
		HideSolutionNode = FALSE
	EndGlobalSection
	GlobalSection(ExtensibilityGlobals) = postSolution
		SolutionGuid = {5835EA3E-3E23-4FAA-99F1-4015AFCCF089}
	EndGlobalSection
EndGlobal
